<?xml version="1.0" encoding="utf-8"?>
<Project ToolsVersion="4.0" xmlns="http://schemas.microsoft.com/developer/msbuild/2003">
  <ItemGroup>
    <Filter Include="原始程式檔">
      <UniqueIdentifier>{4FC737F1-C7A5-4376-A066-2A32D752A2FF}</UniqueIdentifier>
      <Extensions>cpp;c;cc;cxx;def;odl;idl;hpj;bat;asm;asmx</Extensions>
    </Filter>
    <Filter Include="標頭檔">
      <UniqueIdentifier>{93995380-89BD-4b04-88EB-625FBE52EBFB}</UniqueIdentifier>
      <Extensions>h;hh;hpp;hxx;hm;inl;inc;xsd</Extensions>
    </Filter>
    <Filter Include="資源檔">
      <UniqueIdentifier>{67DA6AB6-F800-4c08-8B7A-83BB121AAD01}</UniqueIdentifier>
      <Extensions>rc;ico;cur;bmp;dlg;rc2;rct;bin;rgs;gif;jpg;jpeg;jpe;resx;tiff;tif;png;wav;mfcribbon-ms</Extensions>
    </Filter>
    <Filter Include="UI_VIEW">
      <UniqueIdentifier>{f369c70d-ccb8-44ae-bf39-0f1e2c9ecd48}</UniqueIdentifier>
    </Filter>
    <Filter Include="PLC_PACKET">
      <UniqueIdentifier>{72beb5d7-972e-4f27-a096-542b75063b5b}</UniqueIdentifier>
    </Filter>
    <Filter Include="SharedComponent">
      <UniqueIdentifier>{42f25577-da79-437a-9220-da5bf29137c6}</UniqueIdentifier>
    </Filter>
  </ItemGroup>
  <ItemGroup>
    <ClInclude Include="MK_INSP_PLCSimulator.h">
      <Filter>標頭檔</Filter>
    </ClInclude>
    <ClInclude Include="MK_INSP_PLCSimulatorDlg.h">
      <Filter>標頭檔</Filter>
    </ClInclude>
    <ClInclude Include="stdafx.h">
      <Filter>標頭檔</Filter>
    </ClInclude>
    <ClInclude Include="targetver.h">
      <Filter>標頭檔</Filter>
    </ClInclude>
    <ClInclude Include="Resource.h">
      <Filter>標頭檔</Filter>
    </ClInclude>
    <ClInclude Include="UI_VIEW\ViewMain.h">
      <Filter>UI_VIEW</Filter>
    </ClInclude>
    <ClInclude Include="PLC_PACKET\PLC_PACKET_const.h">
      <Filter>PLC_PACKET</Filter>
    </ClInclude>
    <ClInclude Include="SharedComponent\AoiFont.h">
      <Filter>SharedComponent</Filter>
    </ClInclude>
    <ClInclude Include="PLC_PACKET\AsyncSocketServer.h">
      <Filter>PLC_PACKET</Filter>
    </ClInclude>
    <ClInclude Include="PLC_PACKET\AsyncSocketSession.h">
      <Filter>PLC_PACKET</Filter>
    </ClInclude>
  </ItemGroup>
  <ItemGroup>
    <ClCompile Include="MK_INSP_PLCSimulator.cpp">
      <Filter>原始程式檔</Filter>
    </ClCompile>
    <ClCompile Include="MK_INSP_PLCSimulatorDlg.cpp">
      <Filter>原始程式檔</Filter>
    </ClCompile>
    <ClCompile Include="stdafx.cpp">
      <Filter>原始程式檔</Filter>
    </ClCompile>
    <ClCompile Include="UI_VIEW\ViewMain.cpp">
      <Filter>UI_VIEW</Filter>
    </ClCompile>
    <ClCompile Include="SharedComponent\AoiFont.cpp">
      <Filter>SharedComponent</Filter>
    </ClCompile>
    <ClCompile Include="PLC_PACKET\AsyncSocketServer.cpp">
      <Filter>PLC_PACKET</Filter>
    </ClCompile>
    <ClCompile Include="PLC_PACKET\AsyncSocketSession.cpp">
      <Filter>PLC_PACKET</Filter>
    </ClCompile>
  </ItemGroup>
  <ItemGroup>
    <ResourceCompile Include="MK_INSP_PLCSimulator.rc">
      <Filter>資源檔</Filter>
    </ResourceCompile>
  </ItemGroup>
  <ItemGroup>
    <None Include="res\MK_INSP_PLCSimulator.rc2">
      <Filter>資源檔</Filter>
    </None>
  </ItemGroup>
  <ItemGroup>
    <Image Include="res\MK_INSP_PLCSimulator.ico">
      <Filter>資源檔</Filter>
    </Image>
  </ItemGroup>
</Project>